
Microsoft Visual Studio Solution File, Format Version 12.00
# Visual Studio Version 17
VisualStudioVersion = 17.1.32319.34
MinimumVisualStudioVersion = 10.0.40219.1
Project("{FAE04EC0-301F-11D3-BF4B-00C04F79EFBC}") = "PostCodes.WebApi.Service", "..\PostCodes.WebApi.Service\PostCodes.WebApi.Service.csproj", "{08645BB4-250F-4423-BE9A-AF154C77F7F7}"
EndProject
Project("{FAE04EC0-301F-11D3-BF4B-00C04F79EFBC}") = "PostCode.WebApi.Test.Service", "..\PostCode.WebApi.Test.Service\PostCode.WebApi.Test.Service.csproj", "{D9F19C82-4504-45AD-8D5D-1D562614124B}"
EndProject
Project("{FAE04EC0-301F-11D3-BF4B-00C04F79EFBC}") = "PostCode.BusinessLogic", "..\PostCode.BusinessLogic\PostCode.BusinessLogic.csproj", "{F566823D-FBEF-4559-8DB9-2E34FDBDB547}"
EndProject
Global
	GlobalSection(SolutionConfigurationPlatforms) = preSolution
		Debug|Any CPU = Debug|Any CPU
		Release|Any CPU = Release|Any CPU
	EndGlobalSection
	GlobalSection(ProjectConfigurationPlatforms) = postSolution
		{08645BB4-250F-4423-BE9A-AF154C77F7F7}.Debug|Any CPU.ActiveCfg = Debug|Any CPU
		{08645BB4-250F-4423-BE9A-AF154C77F7F7}.Debug|Any CPU.Build.0 = Debug|Any CPU
		{08645BB4-250F-4423-BE9A-AF154C77F7F7}.Release|Any CPU.ActiveCfg = Release|Any CPU
		{08645BB4-250F-4423-BE9A-AF154C77F7F7}.Release|Any CPU.Build.0 = Release|Any CPU
		{D9F19C82-4504-45AD-8D5D-1D562614124B}.Debug|Any CPU.ActiveCfg = Debug|Any CPU
		{D9F19C82-4504-45AD-8D5D-1D562614124B}.Debug|Any CPU.Build.0 = Debug|Any CPU
		{D9F19C82-4504-45AD-8D5D-1D562614124B}.Release|Any CPU.ActiveCfg = Release|Any CPU
		{D9F19C82-4504-45AD-8D5D-1D562614124B}.Release|Any CPU.Build.0 = Release|Any CPU
		{F566823D-FBEF-4559-8DB9-2E34FDBDB547}.Debug|Any CPU.ActiveCfg = Debug|Any CPU
		{F566823D-FBEF-4559-8DB9-2E34FDBDB547}.Debug|Any CPU.Build.0 = Debug|Any CPU
		{F566823D-FBEF-4559-8DB9-2E34FDBDB547}.Release|Any CPU.ActiveCfg = Release|Any CPU
		{F566823D-FBEF-4559-8DB9-2E34FDBDB547}.Release|Any CPU.Build.0 = Release|Any CPU
	EndGlobalSection
	GlobalSection(SolutionProperties) = preSolution
		HideSolutionNode = FALSE
	EndGlobalSection
	GlobalSection(ExtensibilityGlobals) = postSolution
		SolutionGuid = {CD9C4F85-7EEC-41D5-AA56-0C351E7021D6}
	EndGlobalSection
EndGlobal
